
Microsoft Visual Studio Solution File, Format Version 11.00
# Visual Studio 2010
Project("{FAE04EC0-301F-11D3-BF4B-00C04F79EFBC}") = "Open Asset Importer Managed Wrapper", "Open Asset Importer Managed Wrapper\Open Asset Importer Managed Wrapper.csproj", "{16062D2E-1714-4413-B4C8-165F8E1731C0}"
EndProject
Global
	GlobalSection(SolutionConfigurationPlatforms) = preSolution
		Debug|Any CPU = Debug|Any CPU
		Release|Any CPU = Release|Any CPU
	EndGlobalSection
	GlobalSection(ProjectConfigurationPlatforms) = postSolution
		{16062D2E-1714-4413-B4C8-165F8E1731C0}.Debug|Any CPU.ActiveCfg = Debug|Any CPU
		{16062D2E-1714-4413-B4C8-165F8E1731C0}.Debug|Any CPU.Build.0 = Debug|Any CPU
		{16062D2E-1714-4413-B4C8-165F8E1731C0}.Release|Any CPU.ActiveCfg = Release|Any CPU
		{16062D2E-1714-4413-B4C8-165F8E1731C0}.Release|Any CPU.Build.0 = Release|Any CPU
	EndGlobalSection
	GlobalSection(SolutionProperties) = preSolution
		HideSolutionNode = FALSE
	EndGlobalSection
EndGlobal
